
Microsoft Visual Studio Solution File, Format Version 12.00
# Visual Studio Version 16
VisualStudioVersion = 16.0.30523.141
MinimumVisualStudioVersion = 10.0.40219.1
Project("{FAE04EC0-301F-11D3-BF4B-00C04F79EFBC}") = "TrabajoFinal", "TrabajoFinal\TrabajoFinal.csproj", "{86905C8D-AB31-468B-A752-AC9C3025A5A4}"
EndProject
Global
	GlobalSection(SolutionConfigurationPlatforms) = preSolution
		Debug|Any CPU = Debug|Any CPU
		Release|Any CPU = Release|Any CPU
	EndGlobalSection
	GlobalSection(ProjectConfigurationPlatforms) = postSolution
		{86905C8D-AB31-468B-A752-AC9C3025A5A4}.Debug|Any CPU.ActiveCfg = Debug|Any CPU
		{86905C8D-AB31-468B-A752-AC9C3025A5A4}.Debug|Any CPU.Build.0 = Debug|Any CPU
		{86905C8D-AB31-468B-A752-AC9C3025A5A4}.Release|Any CPU.ActiveCfg = Release|Any CPU
		{86905C8D-AB31-468B-A752-AC9C3025A5A4}.Release|Any CPU.Build.0 = Release|Any CPU
	EndGlobalSection
	GlobalSection(SolutionProperties) = preSolution
		HideSolutionNode = FALSE
	EndGlobalSection
	GlobalSection(ExtensibilityGlobals) = postSolution
		SolutionGuid = {BF542358-E607-4CDA-AEC9-B2569A05C4BC}
	EndGlobalSection
EndGlobal
